
Microsoft Visual Studio Solution File, Format Version 12.00
# Visual Studio Version 17
VisualStudioVersion = 17.10.35027.167
MinimumVisualStudioVersion = 10.0.40219.1
Project("{FAE04EC0-301F-11D3-BF4B-00C04F79EFBC}") = "QuizMaker", "QuizMaker.csproj", "{134A9EDA-5AE8-45A3-9E1F-F2C193538D08}"
EndProject
Global
	GlobalSection(SolutionConfigurationPlatforms) = preSolution
		Debug|Any CPU = Debug|Any CPU
		Release|Any CPU = Release|Any CPU
	EndGlobalSection
	GlobalSection(ProjectConfigurationPlatforms) = postSolution
		{134A9EDA-5AE8-45A3-9E1F-F2C193538D08}.Debug|Any CPU.ActiveCfg = Debug|Any CPU
		{134A9EDA-5AE8-45A3-9E1F-F2C193538D08}.Debug|Any CPU.Build.0 = Debug|Any CPU
		{134A9EDA-5AE8-45A3-9E1F-F2C193538D08}.Release|Any CPU.ActiveCfg = Release|Any CPU
		{134A9EDA-5AE8-45A3-9E1F-F2C193538D08}.Release|Any CPU.Build.0 = Release|Any CPU
	EndGlobalSection
	GlobalSection(SolutionProperties) = preSolution
		HideSolutionNode = FALSE
	EndGlobalSection
	GlobalSection(ExtensibilityGlobals) = postSolution
		SolutionGuid = {B65BA134-2B02-4E6C-B740-49D9BAF175EC}
	EndGlobalSection
EndGlobal
